
Microsoft Visual Studio Solution File, Format Version 12.00
# Visual Studio Version 17
VisualStudioVersion = 17.9.34622.214
MinimumVisualStudioVersion = 10.0.40219.1
Project("{9A19103F-16F7-4668-BE54-9A1E7A4F7556}") = "DataContainer", "DataContainer\DataContainer.csproj", "{C8856A67-CE42-486B-9359-81521F096744}"
EndProject
Project("{9A19103F-16F7-4668-BE54-9A1E7A4F7556}") = "WebApp", "WebApp\WebApp.csproj", "{A2807CCC-56A5-4104-B29A-3062E7A250A5}"
EndProject
Global
	GlobalSection(SolutionConfigurationPlatforms) = preSolution
		Debug|Any CPU = Debug|Any CPU
		Release|Any CPU = Release|Any CPU
	EndGlobalSection
	GlobalSection(ProjectConfigurationPlatforms) = postSolution
		{C8856A67-CE42-486B-9359-81521F096744}.Debug|Any CPU.ActiveCfg = Debug|Any CPU
		{C8856A67-CE42-486B-9359-81521F096744}.Debug|Any CPU.Build.0 = Debug|Any CPU
		{C8856A67-CE42-486B-9359-81521F096744}.Release|Any CPU.ActiveCfg = Release|Any CPU
		{C8856A67-CE42-486B-9359-81521F096744}.Release|Any CPU.Build.0 = Release|Any CPU
		{A2807CCC-56A5-4104-B29A-3062E7A250A5}.Debug|Any CPU.ActiveCfg = Debug|Any CPU
		{A2807CCC-56A5-4104-B29A-3062E7A250A5}.Debug|Any CPU.Build.0 = Debug|Any CPU
		{A2807CCC-56A5-4104-B29A-3062E7A250A5}.Release|Any CPU.ActiveCfg = Release|Any CPU
		{A2807CCC-56A5-4104-B29A-3062E7A250A5}.Release|Any CPU.Build.0 = Release|Any CPU
	EndGlobalSection
	GlobalSection(SolutionProperties) = preSolution
		HideSolutionNode = FALSE
	EndGlobalSection
	GlobalSection(ExtensibilityGlobals) = postSolution
		SolutionGuid = {BCBEC7D5-5A7B-4938-873E-EC0A7F6D2201}
	EndGlobalSection
EndGlobal
